// !$*UTF8*$!
{
	archiveVersion = 1;
	classes = {
	};
	objectVersion = 56;
	objects = {

/* Begin PBXBuildFile section */
		39622EB928E3483800DDCFA3 /* TentativeMaxPrecision.swift in Sources */ = {isa = PBXBuildFile; fileRef = 39622EB028E3483800DDCFA3 /* TentativeMaxPrecision.swift */; };
		39622EBA28E3483800DDCFA3 /* RocketID.swift in Sources */ = {isa = PBXBuildFile; fileRef = 39622EB128E3483800DDCFA3 /* RocketID.swift */; };
		39622EBB28E3483800DDCFA3 /* RocketName.swift in Sources */ = {isa = PBXBuildFile; fileRef = 39622EB228E3483800DDCFA3 /* RocketName.swift */; };
		39622EBC28E3483800DDCFA3 /* RocketType.swift in Sources */ = {isa = PBXBuildFile; fileRef = 39622EB328E3483800DDCFA3 /* RocketType.swift */; };
		39622EBD28E3483800DDCFA3 /* Telemetry.swift in Sources */ = {isa = PBXBuildFile; fileRef = 39622EB428E3483800DDCFA3 /* Telemetry.swift */; };
		39622EBE28E3483800DDCFA3 /* SiteNameLong.swift in Sources */ = {isa = PBXBuildFile; fileRef = 39622EB528E3483800DDCFA3 /* SiteNameLong.swift */; };
		39622EBF28E3483800DDCFA3 /* SpaceXFlightModelElement.swift in Sources */ = {isa = PBXBuildFile; fileRef = 39622EB628E3483800DDCFA3 /* SpaceXFlightModelElement.swift */; };
		39622EC028E3483800DDCFA3 /* LaunchDateSource.swift in Sources */ = {isa = PBXBuildFile; fileRef = 39622EB728E3483800DDCFA3 /* LaunchDateSource.swift */; };
		39622EC628E3658000DDCFA3 /* SpaceXFlightTableViewCell.swift in Sources */ = {isa = PBXBuildFile; fileRef = 39622EC528E3658000DDCFA3 /* SpaceXFlightTableViewCell.swift */; };
		39622EC928E36A2C00DDCFA3 /* JSONSchemaSupport.swift in Sources */ = {isa = PBXBuildFile; fileRef = 39622EC828E36A2C00DDCFA3 /* JSONSchemaSupport.swift */; };
		39AC8F3628E3701200120338 /* FlightDetailViewController.swift in Sources */ = {isa = PBXBuildFile; fileRef = 39AC8F3528E3701200120338 /* FlightDetailViewController.swift */; };
		39BA4AD628E143F40022CC2A /* SpaceXFlightsViewModel.swift in Sources */ = {isa = PBXBuildFile; fileRef = 39BA4AD528E143F40022CC2A /* SpaceXFlightsViewModel.swift */; };
		39F17D1C28E0E70900E079A7 /* AppDelegate.swift in Sources */ = {isa = PBXBuildFile; fileRef = 39F17D1B28E0E70900E079A7 /* AppDelegate.swift */; };
		39F17D1E28E0E70900E079A7 /* SceneDelegate.swift in Sources */ = {isa = PBXBuildFile; fileRef = 39F17D1D28E0E70900E079A7 /* SceneDelegate.swift */; };
		39F17D2028E0E70900E079A7 /* SpaceXFlightListController.swift in Sources */ = {isa = PBXBuildFile; fileRef = 39F17D1F28E0E70900E079A7 /* SpaceXFlightListController.swift */; };
		39F17D2328E0E70900E079A7 /* Main.storyboard in Resources */ = {isa = PBXBuildFile; fileRef = 39F17D2128E0E70900E079A7 /* Main.storyboard */; };
		39F17D2528E0E70B00E079A7 /* Assets.xcassets in Resources */ = {isa = PBXBuildFile; fileRef = 39F17D2428E0E70B00E079A7 /* Assets.xcassets */; };
		39F17D2828E0E70B00E079A7 /* LaunchScreen.storyboard in Resources */ = {isa = PBXBuildFile; fileRef = 39F17D2628E0E70B00E079A7 /* LaunchScreen.storyboard */; };
		39F17D3528E0F22200E079A7 /* LaunchFailureDetails.swift in Sources */ = {isa = PBXBuildFile; fileRef = 39F17D3428E0F22200E079A7 /* LaunchFailureDetails.swift */; };
		39F17D3728E0F2C100E079A7 /* LaunchSite.swift in Sources */ = {isa = PBXBuildFile; fileRef = 39F17D3628E0F2C100E079A7 /* LaunchSite.swift */; };
		39F17D3928E0F2EA00E079A7 /* SiteId.swift in Sources */ = {isa = PBXBuildFile; fileRef = 39F17D3828E0F2EA00E079A7 /* SiteId.swift */; };
		39F17D3B28E0F30000E079A7 /* SiteName.swift in Sources */ = {isa = PBXBuildFile; fileRef = 39F17D3A28E0F30000E079A7 /* SiteName.swift */; };
		39F17D3D28E0F31F00E079A7 /* Links.swift in Sources */ = {isa = PBXBuildFile; fileRef = 39F17D3C28E0F31F00E079A7 /* Links.swift */; };
		39F17D3F28E0F33300E079A7 /* Rocket.swift in Sources */ = {isa = PBXBuildFile; fileRef = 39F17D3E28E0F33300E079A7 /* Rocket.swift */; };
		39F17D4128E0F35700E079A7 /* Fairings.swift in Sources */ = {isa = PBXBuildFile; fileRef = 39F17D4028E0F35700E079A7 /* Fairings.swift */; };
		39F17D4328E0F36A00E079A7 /* Ship.swift in Sources */ = {isa = PBXBuildFile; fileRef = 39F17D4228E0F36A00E079A7 /* Ship.swift */; };
		39F17D4528E0F38E00E079A7 /* FirstStage.swift in Sources */ = {isa = PBXBuildFile; fileRef = 39F17D4428E0F38E00E079A7 /* FirstStage.swift */; };
		39F17D4728E0F3DF00E079A7 /* Core.swift in Sources */ = {isa = PBXBuildFile; fileRef = 39F17D4628E0F3DF00E079A7 /* Core.swift */; };
		39F17D4928E0F40A00E079A7 /* LandingType.swift in Sources */ = {isa = PBXBuildFile; fileRef = 39F17D4828E0F40A00E079A7 /* LandingType.swift */; };
		39F17D4B28E0F41A00E079A7 /* LandingVehicle.swift in Sources */ = {isa = PBXBuildFile; fileRef = 39F17D4A28E0F41A00E079A7 /* LandingVehicle.swift */; };
		39F17D5328E0F46400E079A7 /* SecondStage.swift in Sources */ = {isa = PBXBuildFile; fileRef = 39F17D5228E0F46400E079A7 /* SecondStage.swift */; };
		39F17D5528E0F48400E079A7 /* Payload.swift in Sources */ = {isa = PBXBuildFile; fileRef = 39F17D5428E0F48400E079A7 /* Payload.swift */; };
		39F17D5728E0F50100E079A7 /* OrbitParams.swift in Sources */ = {isa = PBXBuildFile; fileRef = 39F17D5628E0F50100E079A7 /* OrbitParams.swift */; };
		39F17D5928E0F51700E079A7 /* ReferenceSystem.swift in Sources */ = {isa = PBXBuildFile; fileRef = 39F17D5828E0F51700E079A7 /* ReferenceSystem.swift */; };
		39F17D5B28E0F52600E079A7 /* Regime.swift in Sources */ = {isa = PBXBuildFile; fileRef = 39F17D5A28E0F52600E079A7 /* Regime.swift */; };
		39F17D5D28E0F53800E079A7 /* PayloadType.swift in Sources */ = {isa = PBXBuildFile; fileRef = 39F17D5C28E0F53800E079A7 /* PayloadType.swift */; };
/* End PBXBuildFile section */

/* Begin PBXFileReference section */
		39622EB028E3483800DDCFA3 /* TentativeMaxPrecision.swift */ = {isa = PBXFileReference; fileEncoding = 4; lastKnownFileType = sourcecode.swift; path = TentativeMaxPrecision.swift; sourceTree = "<group>"; };
		39622EB128E3483800DDCFA3 /* RocketID.swift */ = {isa = PBXFileReference; fileEncoding = 4; lastKnownFileType = sourcecode.swift; path = RocketID.swift; sourceTree = "<group>"; };
		39622EB228E3483800DDCFA3 /* RocketName.swift */ = {isa = PBXFileReference; fileEncoding = 4; lastKnownFileType = sourcecode.swift; path = RocketName.swift; sourceTree = "<group>"; };
		39622EB328E3483800DDCFA3 /* RocketType.swift */ = {isa = PBXFileReference; fileEncoding = 4; lastKnownFileType = sourcecode.swift; path = RocketType.swift; sourceTree = "<group>"; };
		39622EB428E3483800DDCFA3 /* Telemetry.swift */ = {isa = PBXFileReference; fileEncoding = 4; lastKnownFileType = sourcecode.swift; path = Telemetry.swift; sourceTree = "<group>"; };
		39622EB528E3483800DDCFA3 /* SiteNameLong.swift */ = {isa = PBXFileReference; fileEncoding = 4; lastKnownFileType = sourcecode.swift; path = SiteNameLong.swift; sourceTree = "<group>"; };
		39622EB628E3483800DDCFA3 /* SpaceXFlightModelElement.swift */ = {isa = PBXFileReference; fileEncoding = 4; lastKnownFileType = sourcecode.swift; path = SpaceXFlightModelElement.swift; sourceTree = "<group>"; };
		39622EB728E3483800DDCFA3 /* LaunchDateSource.swift */ = {isa = PBXFileReference; fileEncoding = 4; lastKnownFileType = sourcecode.swift; path = LaunchDateSource.swift; sourceTree = "<group>"; };
		39622EC528E3658000DDCFA3 /* SpaceXFlightTableViewCell.swift */ = {isa = PBXFileReference; lastKnownFileType = sourcecode.swift; path = SpaceXFlightTableViewCell.swift; sourceTree = "<group>"; };
		39622EC828E36A2C00DDCFA3 /* JSONSchemaSupport.swift */ = {isa = PBXFileReference; fileEncoding = 4; lastKnownFileType = sourcecode.swift; path = JSONSchemaSupport.swift; sourceTree = "<group>"; };
		39AC8F3528E3701200120338 /* FlightDetailViewController.swift */ = {isa = PBXFileReference; fileEncoding = 4; lastKnownFileType = sourcecode.swift; path = FlightDetailViewController.swift; sourceTree = "<group>"; };
		39BA4AD528E143F40022CC2A /* SpaceXFlightsViewModel.swift */ = {isa = PBXFileReference; lastKnownFileType = sourcecode.swift; path = SpaceXFlightsViewModel.swift; sourceTree = "<group>"; };
		39F17D1828E0E70900E079A7 /* SpaceX API Missions.app */ = {isa = PBXFileReference; explicitFileType = wrapper.application; includeInIndex = 0; path = "SpaceX API Missions.app"; sourceTree = BUILT_PRODUCTS_DIR; };
		39F17D1B28E0E70900E079A7 /* AppDelegate.swift */ = {isa = PBXFileReference; lastKnownFileType = sourcecode.swift; path = AppDelegate.swift; sourceTree = "<group>"; };
		39F17D1D28E0E70900E079A7 /* SceneDelegate.swift */ = {isa = PBXFileReference; lastKnownFileType = sourcecode.swift; path = SceneDelegate.swift; sourceTree = "<group>"; };
		39F17D1F28E0E70900E079A7 /* SpaceXFlightListController.swift */ = {isa = PBXFileReference; lastKnownFileType = sourcecode.swift; path = SpaceXFlightListController.swift; sourceTree = "<group>"; };
		39F17D2228E0E70900E079A7 /* Base */ = {isa = PBXFileReference; lastKnownFileType = file.storyboard; name = Base; path = Base.lproj/Main.storyboard; sourceTree = "<group>"; };
		39F17D2428E0E70B00E079A7 /* Assets.xcassets */ = {isa = PBXFileReference; lastKnownFileType = folder.assetcatalog; path = Assets.xcassets; sourceTree = "<group>"; };
		39F17D2728E0E70B00E079A7 /* Base */ = {isa = PBXFileReference; lastKnownFileType = file.storyboard; name = Base; path = Base.lproj/LaunchScreen.storyboard; sourceTree = "<group>"; };
		39F17D2928E0E70B00E079A7 /* Info.plist */ = {isa = PBXFileReference; lastKnownFileType = text.plist.xml; path = Info.plist; sourceTree = "<group>"; };
		39F17D3428E0F22200E079A7 /* LaunchFailureDetails.swift */ = {isa = PBXFileReference; lastKnownFileType = sourcecode.swift; path = LaunchFailureDetails.swift; sourceTree = "<group>"; };
		39F17D3628E0F2C100E079A7 /* LaunchSite.swift */ = {isa = PBXFileReference; lastKnownFileType = sourcecode.swift; path = LaunchSite.swift; sourceTree = "<group>"; };
		39F17D3828E0F2EA00E079A7 /* SiteId.swift */ = {isa = PBXFileReference; lastKnownFileType = sourcecode.swift; path = SiteId.swift; sourceTree = "<group>"; };
		39F17D3A28E0F30000E079A7 /* SiteName.swift */ = {isa = PBXFileReference; lastKnownFileType = sourcecode.swift; path = SiteName.swift; sourceTree = "<group>"; };
		39F17D3C28E0F31F00E079A7 /* Links.swift */ = {isa = PBXFileReference; lastKnownFileType = sourcecode.swift; path = Links.swift; sourceTree = "<group>"; };
		39F17D3E28E0F33300E079A7 /* Rocket.swift */ = {isa = PBXFileReference; lastKnownFileType = sourcecode.swift; path = Rocket.swift; sourceTree = "<group>"; };
		39F17D4028E0F35700E079A7 /* Fairings.swift */ = {isa = PBXFileReference; lastKnownFileType = sourcecode.swift; path = Fairings.swift; sourceTree = "<group>"; };
		39F17D4228E0F36A00E079A7 /* Ship.swift */ = {isa = PBXFileReference; lastKnownFileType = sourcecode.swift; path = Ship.swift; sourceTree = "<group>"; };
		39F17D4428E0F38E00E079A7 /* FirstStage.swift */ = {isa = PBXFileReference; lastKnownFileType = sourcecode.swift; path = FirstStage.swift; sourceTree = "<group>"; };
		39F17D4628E0F3DF00E079A7 /* Core.swift */ = {isa = PBXFileReference; lastKnownFileType = sourcecode.swift; path = Core.swift; sourceTree = "<group>"; };
		39F17D4828E0F40A00E079A7 /* LandingType.swift */ = {isa = PBXFileReference; lastKnownFileType = sourcecode.swift; path = LandingType.swift; sourceTree = "<group>"; };
		39F17D4A28E0F41A00E079A7 /* LandingVehicle.swift */ = {isa = PBXFileReference; lastKnownFileType = sourcecode.swift; path = LandingVehicle.swift; sourceTree = "<group>"; };
		39F17D5228E0F46400E079A7 /* SecondStage.swift */ = {isa = PBXFileReference; lastKnownFileType = sourcecode.swift; path = SecondStage.swift; sourceTree = "<group>"; };
		39F17D5428E0F48400E079A7 /* Payload.swift */ = {isa = PBXFileReference; lastKnownFileType = sourcecode.swift; path = Payload.swift; sourceTree = "<group>"; };
		39F17D5628E0F50100E079A7 /* OrbitParams.swift */ = {isa = PBXFileReference; lastKnownFileType = sourcecode.swift; path = OrbitParams.swift; sourceTree = "<group>"; };
		39F17D5828E0F51700E079A7 /* ReferenceSystem.swift */ = {isa = PBXFileReference; lastKnownFileType = sourcecode.swift; path = ReferenceSystem.swift; sourceTree = "<group>"; };
		39F17D5A28E0F52600E079A7 /* Regime.swift */ = {isa = PBXFileReference; lastKnownFileType = sourcecode.swift; path = Regime.swift; sourceTree = "<group>"; };
		39F17D5C28E0F53800E079A7 /* PayloadType.swift */ = {isa = PBXFileReference; lastKnownFileType = sourcecode.swift; path = PayloadType.swift; sourceTree = "<group>"; };
/* End PBXFileReference section */

/* Begin PBXFrameworksBuildPhase section */
		39F17D1528E0E70900E079A7 /* Frameworks */ = {
			isa = PBXFrameworksBuildPhase;
			buildActionMask = 2147483647;
			files = (
			);
			runOnlyForDeploymentPostprocessing = 0;
		};
/* End PBXFrameworksBuildPhase section */

/* Begin PBXGroup section */
		39622EC228E3643D00DDCFA3 /* cells */ = {
			isa = PBXGroup;
			children = (
				39622EC528E3658000DDCFA3 /* SpaceXFlightTableViewCell.swift */,
			);
			path = cells;
			sourceTree = "<group>";
		};
		39622EC728E3699500DDCFA3 /* Supporting Files */ = {
			isa = PBXGroup;
			children = (
				39622EC828E36A2C00DDCFA3 /* JSONSchemaSupport.swift */,
			);
			path = "Supporting Files";
			sourceTree = "<group>";
		};
		39BA4AD428E143DB0022CC2A /* ViewModel */ = {
			isa = PBXGroup;
			children = (
				39BA4AD528E143F40022CC2A /* SpaceXFlightsViewModel.swift */,
			);
			path = ViewModel;
			sourceTree = "<group>";
		};
		39F17D0F28E0E70900E079A7 = {
			isa = PBXGroup;
			children = (
				39F17D1A28E0E70900E079A7 /* SpaceX API Missions */,
				39F17D1928E0E70900E079A7 /* Products */,
			);
			sourceTree = "<group>";
		};
		39F17D1928E0E70900E079A7 /* Products */ = {
			isa = PBXGroup;
			children = (
				39F17D1828E0E70900E079A7 /* SpaceX API Missions.app */,
			);
			name = Products;
			sourceTree = "<group>";
		};
		39F17D1A28E0E70900E079A7 /* SpaceX API Missions */ = {
			isa = PBXGroup;
			children = (
				39622EC728E3699500DDCFA3 /* Supporting Files */,
				39622EC228E3643D00DDCFA3 /* cells */,
				39BA4AD428E143DB0022CC2A /* ViewModel */,
				39F17D2F28E0E76800E079A7 /* Model */,
				39F17D1B28E0E70900E079A7 /* AppDelegate.swift */,
				39F17D1D28E0E70900E079A7 /* SceneDelegate.swift */,
				39F17D1F28E0E70900E079A7 /* SpaceXFlightListController.swift */,
				39F17D2128E0E70900E079A7 /* Main.storyboard */,
				39F17D2428E0E70B00E079A7 /* Assets.xcassets */,
				39F17D2628E0E70B00E079A7 /* LaunchScreen.storyboard */,
				39F17D2928E0E70B00E079A7 /* Info.plist */,
				39AC8F3528E3701200120338 /* FlightDetailViewController.swift */,
			);
			path = "SpaceX API Missions";
			sourceTree = "<group>";
		};
		39F17D2F28E0E76800E079A7 /* Model */ = {
			isa = PBXGroup;
			children = (
				39F17D3428E0F22200E079A7 /* LaunchFailureDetails.swift */,
				39F17D3628E0F2C100E079A7 /* LaunchSite.swift */,
				39622EB728E3483800DDCFA3 /* LaunchDateSource.swift */,
				39622EB128E3483800DDCFA3 /* RocketID.swift */,
				39622EB228E3483800DDCFA3 /* RocketName.swift */,
				39622EB328E3483800DDCFA3 /* RocketType.swift */,
				39622EB528E3483800DDCFA3 /* SiteNameLong.swift */,
				39622EB628E3483800DDCFA3 /* SpaceXFlightModelElement.swift */,
				39622EB428E3483800DDCFA3 /* Telemetry.swift */,
				39622EB028E3483800DDCFA3 /* TentativeMaxPrecision.swift */,
				39F17D3828E0F2EA00E079A7 /* SiteId.swift */,
				39F17D3A28E0F30000E079A7 /* SiteName.swift */,
				39F17D3C28E0F31F00E079A7 /* Links.swift */,
				39F17D3E28E0F33300E079A7 /* Rocket.swift */,
				39F17D4028E0F35700E079A7 /* Fairings.swift */,
				39F17D4228E0F36A00E079A7 /* Ship.swift */,
				39F17D4428E0F38E00E079A7 /* FirstStage.swift */,
				39F17D4628E0F3DF00E079A7 /* Core.swift */,
				39F17D4828E0F40A00E079A7 /* LandingType.swift */,
				39F17D4A28E0F41A00E079A7 /* LandingVehicle.swift */,
				39F17D5228E0F46400E079A7 /* SecondStage.swift */,
				39F17D5428E0F48400E079A7 /* Payload.swift */,
				39F17D5628E0F50100E079A7 /* OrbitParams.swift */,
				39F17D5828E0F51700E079A7 /* ReferenceSystem.swift */,
				39F17D5A28E0F52600E079A7 /* Regime.swift */,
				39F17D5C28E0F53800E079A7 /* PayloadType.swift */,
			);
			path = Model;
			sourceTree = "<group>";
		};
/* End PBXGroup section */

/* Begin PBXNativeTarget section */
		39F17D1728E0E70900E079A7 /* SpaceX API Missions */ = {
			isa = PBXNativeTarget;
			buildConfigurationList = 39F17D2C28E0E70B00E079A7 /* Build configuration list for PBXNativeTarget "SpaceX API Missions" */;
			buildPhases = (
				39F17D1428E0E70900E079A7 /* Sources */,
				39F17D1528E0E70900E079A7 /* Frameworks */,
				39F17D1628E0E70900E079A7 /* Resources */,
			);
			buildRules = (
			);
			dependencies = (
			);
			name = "SpaceX API Missions";
			productName = "SpaceX API Missions";
			productReference = 39F17D1828E0E70900E079A7 /* SpaceX API Missions.app */;
			productType = "com.apple.product-type.application";
		};
/* End PBXNativeTarget section */

/* Begin PBXProject section */
		39F17D1028E0E70900E079A7 /* Project object */ = {
			isa = PBXProject;
			attributes = {
				BuildIndependentTargetsInParallel = 1;
				LastSwiftUpdateCheck = 1400;
				LastUpgradeCheck = 1400;
				TargetAttributes = {
					39F17D1728E0E70900E079A7 = {
						CreatedOnToolsVersion = 14.0;
					};
				};
			};
			buildConfigurationList = 39F17D1328E0E70900E079A7 /* Build configuration list for PBXProject "SpaceX API Missions" */;
			compatibilityVersion = "Xcode 14.0";
			developmentRegion = en;
			hasScannedForEncodings = 0;
			knownRegions = (
				en,
				Base,
			);
			mainGroup = 39F17D0F28E0E70900E079A7;
			productRefGroup = 39F17D1928E0E70900E079A7 /* Products */;
			projectDirPath = "";
			projectRoot = "";
			targets = (
				39F17D1728E0E70900E079A7 /* SpaceX API Missions */,
			);
		};
/* End PBXProject section */

/* Begin PBXResourcesBuildPhase section */
		39F17D1628E0E70900E079A7 /* Resources */ = {
			isa = PBXResourcesBuildPhase;
			buildActionMask = 2147483647;
			files = (
				39F17D2828E0E70B00E079A7 /* LaunchScreen.storyboard in Resources */,
				39F17D2528E0E70B00E079A7 /* Assets.xcassets in Resources */,
				39F17D2328E0E70900E079A7 /* Main.storyboard in Resources */,
			);
			runOnlyForDeploymentPostprocessing = 0;
		};
/* End PBXResourcesBuildPhase section */

/* Begin PBXSourcesBuildPhase section */
		39F17D1428E0E70900E079A7 /* Sources */ = {
			isa = PBXSourcesBuildPhase;
			buildActionMask = 2147483647;
			files = (
				39F17D3528E0F22200E079A7 /* LaunchFailureDetails.swift in Sources */,
				39F17D3928E0F2EA00E079A7 /* SiteId.swift in Sources */,
				39622EBA28E3483800DDCFA3 /* RocketID.swift in Sources */,
				39622EBC28E3483800DDCFA3 /* RocketType.swift in Sources */,
				39F17D3728E0F2C100E079A7 /* LaunchSite.swift in Sources */,
				39F17D4B28E0F41A00E079A7 /* LandingVehicle.swift in Sources */,
				39F17D4728E0F3DF00E079A7 /* Core.swift in Sources */,
				39F17D2028E0E70900E079A7 /* SpaceXFlightListController.swift in Sources */,
				39622EBF28E3483800DDCFA3 /* SpaceXFlightModelElement.swift in Sources */,
				39F17D5328E0F46400E079A7 /* SecondStage.swift in Sources */,
				39F17D3B28E0F30000E079A7 /* SiteName.swift in Sources */,
				39F17D4328E0F36A00E079A7 /* Ship.swift in Sources */,
				39F17D3D28E0F31F00E079A7 /* Links.swift in Sources */,
				39F17D1C28E0E70900E079A7 /* AppDelegate.swift in Sources */,
				39F17D5B28E0F52600E079A7 /* Regime.swift in Sources */,
				39F17D4128E0F35700E079A7 /* Fairings.swift in Sources */,
				39F17D4928E0F40A00E079A7 /* LandingType.swift in Sources */,
				39F17D5728E0F50100E079A7 /* OrbitParams.swift in Sources */,
				39622EB928E3483800DDCFA3 /* TentativeMaxPrecision.swift in Sources */,
				39F17D1E28E0E70900E079A7 /* SceneDelegate.swift in Sources */,
				39F17D5528E0F48400E079A7 /* Payload.swift in Sources */,
				39622EBB28E3483800DDCFA3 /* RocketName.swift in Sources */,
				39F17D5928E0F51700E079A7 /* ReferenceSystem.swift in Sources */,
				39F17D5D28E0F53800E079A7 /* PayloadType.swift in Sources */,
				39622EBE28E3483800DDCFA3 /* SiteNameLong.swift in Sources */,
				39622EBD28E3483800DDCFA3 /* Telemetry.swift in Sources */,
				39622EC928E36A2C00DDCFA3 /* JSONSchemaSupport.swift in Sources */,
				39F17D4528E0F38E00E079A7 /* FirstStage.swift in Sources */,
				39622EC028E3483800DDCFA3 /* LaunchDateSource.swift in Sources */,
				39AC8F3628E3701200120338 /* FlightDetailViewController.swift in Sources */,
				39F17D3F28E0F33300E079A7 /* Rocket.swift in Sources */,
				39BA4AD628E143F40022CC2A /* SpaceXFlightsViewModel.swift in Sources */,
				39622EC628E3658000DDCFA3 /* SpaceXFlightTableViewCell.swift in Sources */,
			);
			runOnlyForDeploymentPostprocessing = 0;
		};
/* End PBXSourcesBuildPhase section */

/* Begin PBXVariantGroup section */
		39F17D2128E0E70900E079A7 /* Main.storyboard */ = {
			isa = PBXVariantGroup;
			children = (
				39F17D2228E0E70900E079A7 /* Base */,
			);
			name = Main.storyboard;
			sourceTree = "<group>";
		};
		39F17D2628E0E70B00E079A7 /* LaunchScreen.storyboard */ = {
			isa = PBXVariantGroup;
			children = (
				39F17D2728E0E70B00E079A7 /* Base */,
			);
			name = LaunchScreen.storyboard;
			sourceTree = "<group>";
		};
/* End PBXVariantGroup section */

/* Begin XCBuildConfiguration section */
		39F17D2A28E0E70B00E079A7 /* Debug */ = {
			isa = XCBuildConfiguration;
			buildSettings = {
				ALWAYS_SEARCH_USER_PATHS = NO;
				CLANG_ANALYZER_NONNULL = YES;
				CLANG_ANALYZER_NUMBER_OBJECT_CONVERSION = YES_AGGRESSIVE;
				CLANG_CXX_LANGUAGE_STANDARD = "gnu++20";
				CLANG_ENABLE_MODULES = YES;
				CLANG_ENABLE_OBJC_ARC = YES;
				CLANG_ENABLE_OBJC_WEAK = YES;
				CLANG_WARN_BLOCK_CAPTURE_AUTORELEASING = YES;
				CLANG_WARN_BOOL_CONVERSION = YES;
				CLANG_WARN_COMMA = YES;
				CLANG_WARN_CONSTANT_CONVERSION = YES;
				CLANG_WARN_DEPRECATED_OBJC_IMPLEMENTATIONS = YES;
				CLANG_WARN_DIRECT_OBJC_ISA_USAGE = YES_ERROR;
				CLANG_WARN_DOCUMENTATION_COMMENTS = YES;
				CLANG_WARN_EMPTY_BODY = YES;
				CLANG_WARN_ENUM_CONVERSION = YES;
				CLANG_WARN_INFINITE_RECURSION = YES;
				CLANG_WARN_INT_CONVERSION = YES;
				CLANG_WARN_NON_LITERAL_NULL_CONVERSION = YES;
				CLANG_WARN_OBJC_IMPLICIT_RETAIN_SELF = YES;
				CLANG_WARN_OBJC_LITERAL_CONVERSION = YES;
				CLANG_WARN_OBJC_ROOT_CLASS = YES_ERROR;
				CLANG_WARN_QUOTED_INCLUDE_IN_FRAMEWORK_HEADER = YES;
				CLANG_WARN_RANGE_LOOP_ANALYSIS = YES;
				CLANG_WARN_STRICT_PROTOTYPES = YES;
				CLANG_WARN_SUSPICIOUS_MOVE = YES;
				CLANG_WARN_UNGUARDED_AVAILABILITY = YES_AGGRESSIVE;
				CLANG_WARN_UNREACHABLE_CODE = YES;
				CLANG_WARN__DUPLICATE_METHOD_MATCH = YES;
				COPY_PHASE_STRIP = NO;
				DEBUG_INFORMATION_FORMAT = dwarf;
				ENABLE_STRICT_OBJC_MSGSEND = YES;
				ENABLE_TESTABILITY = YES;
				GCC_C_LANGUAGE_STANDARD = gnu11;
				GCC_DYNAMIC_NO_PIC = NO;
				GCC_NO_COMMON_BLOCKS = YES;
				GCC_OPTIMIZATION_LEVEL = 0;
				GCC_PREPROCESSOR_DEFINITIONS = (
					"DEBUG=1",
					"$(inherited)",
				);
				GCC_WARN_64_TO_32_BIT_CONVERSION = YES;
				GCC_WARN_ABOUT_RETURN_TYPE = YES_ERROR;
				GCC_WARN_UNDECLARED_SELECTOR = YES;
				GCC_WARN_UNINITIALIZED_AUTOS = YES_AGGRESSIVE;
				GCC_WARN_UNUSED_FUNCTION = YES;
				GCC_WARN_UNUSED_VARIABLE = YES;
				IPHONEOS_DEPLOYMENT_TARGET = 16.0;
				MTL_ENABLE_DEBUG_INFO = INCLUDE_SOURCE;
				MTL_FAST_MATH = YES;
				ONLY_ACTIVE_ARCH = YES;
				SDKROOT = iphoneos;
				SWIFT_ACTIVE_COMPILATION_CONDITIONS = DEBUG;
				SWIFT_OPTIMIZATION_LEVEL = "-Onone";
			};
			name = Debug;
		};
		39F17D2B28E0E70B00E079A7 /* Release */ = {
			isa = XCBuildConfiguration;
			buildSettings = {
				ALWAYS_SEARCH_USER_PATHS = NO;
				CLANG_ANALYZER_NONNULL = YES;
				CLANG_ANALYZER_NUMBER_OBJECT_CONVERSION = YES_AGGRESSIVE;
				CLANG_CXX_LANGUAGE_STANDARD = "gnu++20";
				CLANG_ENABLE_MODULES = YES;
				CLANG_ENABLE_OBJC_ARC = YES;
				CLANG_ENABLE_OBJC_WEAK = YES;
				CLANG_WARN_BLOCK_CAPTURE_AUTORELEASING = YES;
				CLANG_WARN_BOOL_CONVERSION = YES;
				CLANG_WARN_COMMA = YES;
				CLANG_WARN_CONSTANT_CONVERSION = YES;
				CLANG_WARN_DEPRECATED_OBJC_IMPLEMENTATIONS = YES;
				CLANG_WARN_DIRECT_OBJC_ISA_USAGE = YES_ERROR;
				CLANG_WARN_DOCUMENTATION_COMMENTS = YES;
				CLANG_WARN_EMPTY_BODY = YES;
				CLANG_WARN_ENUM_CONVERSION = YES;
				CLANG_WARN_INFINITE_RECURSION = YES;
				CLANG_WARN_INT_CONVERSION = YES;
				CLANG_WARN_NON_LITERAL_NULL_CONVERSION = YES;
				CLANG_WARN_OBJC_IMPLICIT_RETAIN_SELF = YES;
				CLANG_WARN_OBJC_LITERAL_CONVERSION = YES;
				CLANG_WARN_OBJC_ROOT_CLASS = YES_ERROR;
				CLANG_WARN_QUOTED_INCLUDE_IN_FRAMEWORK_HEADER = YES;
				CLANG_WARN_RANGE_LOOP_ANALYSIS = YES;
				CLANG_WARN_STRICT_PROTOTYPES = YES;
				CLANG_WARN_SUSPICIOUS_MOVE = YES;
				CLANG_WARN_UNGUARDED_AVAILABILITY = YES_AGGRESSIVE;
				CLANG_WARN_UNREACHABLE_CODE = YES;
				CLANG_WARN__DUPLICATE_METHOD_MATCH = YES;
				COPY_PHASE_STRIP = NO;
				DEBUG_INFORMATION_FORMAT = "dwarf-with-dsym";
				ENABLE_NS_ASSERTIONS = NO;
				ENABLE_STRICT_OBJC_MSGSEND = YES;
				GCC_C_LANGUAGE_STANDARD = gnu11;
				GCC_NO_COMMON_BLOCKS = YES;
				GCC_WARN_64_TO_32_BIT_CONVERSION = YES;
				GCC_WARN_ABOUT_RETURN_TYPE = YES_ERROR;
				GCC_WARN_UNDECLARED_SELECTOR = YES;
				GCC_WARN_UNINITIALIZED_AUTOS = YES_AGGRESSIVE;
				GCC_WARN_UNUSED_FUNCTION = YES;
				GCC_WARN_UNUSED_VARIABLE = YES;
				IPHONEOS_DEPLOYMENT_TARGET = 16.0;
				MTL_ENABLE_DEBUG_INFO = NO;
				MTL_FAST_MATH = YES;
				SDKROOT = iphoneos;
				SWIFT_COMPILATION_MODE = wholemodule;
				SWIFT_OPTIMIZATION_LEVEL = "-O";
				VALIDATE_PRODUCT = YES;
			};
			name = Release;
		};
		39F17D2D28E0E70B00E079A7 /* Debug */ = {
			isa = XCBuildConfiguration;
			buildSettings = {
				ASSETCATALOG_COMPILER_APPICON_NAME = AppIcon;
				ASSETCATALOG_COMPILER_GLOBAL_ACCENT_COLOR_NAME = AccentColor;
				CODE_SIGN_STYLE = Automatic;
				CURRENT_PROJECT_VERSION = 1;
				DEVELOPMENT_TEAM = 9JB8Y36YW3;
				GENERATE_INFOPLIST_FILE = YES;
				INFOPLIST_FILE = "SpaceX API Missions/Info.plist";
				INFOPLIST_KEY_UIApplicationSupportsIndirectInputEvents = YES;
				INFOPLIST_KEY_UILaunchStoryboardName = LaunchScreen;
				INFOPLIST_KEY_UIMainStoryboardFile = Main;
				INFOPLIST_KEY_UISupportedInterfaceOrientations_iPad = "UIInterfaceOrientationPortrait UIInterfaceOrientationPortraitUpsideDown UIInterfaceOrientationLandscapeLeft UIInterfaceOrientationLandscapeRight";
				INFOPLIST_KEY_UISupportedInterfaceOrientations_iPhone = "UIInterfaceOrientationPortrait UIInterfaceOrientationLandscapeLeft UIInterfaceOrientationLandscapeRight";
				LD_RUNPATH_SEARCH_PATHS = (
					"$(inherited)",
					"@executable_path/Frameworks",
				);
				MARKETING_VERSION = 1.0;
				PRODUCT_BUNDLE_IDENTIFIER = "derrek-larson.SpaceX-API-Missions";
				PRODUCT_NAME = "$(TARGET_NAME)";
				SWIFT_EMIT_LOC_STRINGS = YES;
				SWIFT_VERSION = 5.0;
				TARGETED_DEVICE_FAMILY = "1,2";
			};
			name = Debug;
		};
		39F17D2E28E0E70B00E079A7 /* Release */ = {
			isa = XCBuildConfiguration;
			buildSettings = {
				ASSETCATALOG_COMPILER_APPICON_NAME = AppIcon;
				ASSETCATALOG_COMPILER_GLOBAL_ACCENT_COLOR_NAME = AccentColor;
				CODE_SIGN_STYLE = Automatic;
				CURRENT_PROJECT_VERSION = 1;
				DEVELOPMENT_TEAM = 9JB8Y36YW3;
				GENERATE_INFOPLIST_FILE = YES;
				INFOPLIST_FILE = "SpaceX API Missions/Info.plist";
				INFOPLIST_KEY_UIApplicationSupportsIndirectInputEvents = YES;
				INFOPLIST_KEY_UILaunchStoryboardName = LaunchScreen;
				INFOPLIST_KEY_UIMainStoryboardFile = Main;
				INFOPLIST_KEY_UISupportedInterfaceOrientations_iPad = "UIInterfaceOrientationPortrait UIInterfaceOrientationPortraitUpsideDown UIInterfaceOrientationLandscapeLeft UIInterfaceOrientationLandscapeRight";
				INFOPLIST_KEY_UISupportedInterfaceOrientations_iPhone = "UIInterfaceOrientationPortrait UIInterfaceOrientationLandscapeLeft UIInterfaceOrientationLandscapeRight";
				LD_RUNPATH_SEARCH_PATHS = (
					"$(inherited)",
					"@executable_path/Frameworks",
				);
				MARKETING_VERSION = 1.0;
				PRODUCT_BUNDLE_IDENTIFIER = "derrek-larson.SpaceX-API-Missions";
				PRODUCT_NAME = "$(TARGET_NAME)";
				SWIFT_EMIT_LOC_STRINGS = YES;
				SWIFT_VERSION = 5.0;
				TARGETED_DEVICE_FAMILY = "1,2";
			};
			name = Release;
		};
/* End XCBuildConfiguration section */

/* Begin XCConfigurationList section */
		39F17D1328E0E70900E079A7 /* Build configuration list for PBXProject "SpaceX API Missions" */ = {
			isa = XCConfigurationList;
			buildConfigurations = (
				39F17D2A28E0E70B00E079A7 /* Debug */,
				39F17D2B28E0E70B00E079A7 /* Release */,
			);
			defaultConfigurationIsVisible = 0;
			defaultConfigurationName = Release;
		};
		39F17D2C28E0E70B00E079A7 /* Build configuration list for PBXNativeTarget "SpaceX API Missions" */ = {
			isa = XCConfigurationList;
			buildConfigurations = (
				39F17D2D28E0E70B00E079A7 /* Debug */,
				39F17D2E28E0E70B00E079A7 /* Release */,
			);
			defaultConfigurationIsVisible = 0;
			defaultConfigurationName = Release;
		};
/* End XCConfigurationList section */
	};
	rootObject = 39F17D1028E0E70900E079A7 /* Project object */;
}
